
Microsoft Visual Studio Solution File, Format Version 12.00
Project("{2150E333-8FDC-42A3-9474-1A3956D46DE8}") = "src", "src", "{827E0CD3-B72D-47B6-A68D-7590B98EB39B}"
EndProject
Project("{2150E333-8FDC-42A3-9474-1A3956D46DE8}") = "01-Domain", "01-Domain", "{3EA51021-FC2D-0101-C882-85390DFDDA1C}"
EndProject
Project("{FAE04EC0-301F-11D3-BF4B-00C04F79EFBC}") = "Domain", "src\01-Domain\Domain\Domain.csproj", "{8B77ECA7-F760-4679-8549-9550A2C469D6}"
EndProject
Project("{2150E333-8FDC-42A3-9474-1A3956D46DE8}") = "02-Application", "02-Application", "{15BCE6F0-F798-6FCC-7726-D5DA42401A38}"
EndProject
Project("{FAE04EC0-301F-11D3-BF4B-00C04F79EFBC}") = "Application", "src\02-Application\Application\Application.csproj", "{B3DD844D-8971-4B71-B1F9-FA34323AA07E}"
EndProject
Project("{2150E333-8FDC-42A3-9474-1A3956D46DE8}") = "03-Infrastructure", "03-Infrastructure", "{1F87A12E-D750-680C-2313-99AE4BC9444D}"
EndProject
Project("{FAE04EC0-301F-11D3-BF4B-00C04F79EFBC}") = "Infrastructure", "src\03-Infrastructure\Infrastructure\Infrastructure.csproj", "{979D21BB-2E73-49A3-B0C1-65A08EBD65E7}"
EndProject
Project("{2150E333-8FDC-42A3-9474-1A3956D46DE8}") = "04-Presentation", "04-Presentation", "{46799E6A-F821-40B2-0784-386830E3EC45}"
EndProject
Project("{FAE04EC0-301F-11D3-BF4B-00C04F79EFBC}") = "ElevateApi", "src\04-Presentation\ElevateApi\ElevateApi.csproj", "{A1C46781-7DD3-4BD5-B5B9-454FE236485A}"
EndProject
Global
	GlobalSection(SolutionConfigurationPlatforms) = preSolution
		Debug|Any CPU = Debug|Any CPU
		Debug|x64 = Debug|x64
		Debug|x86 = Debug|x86
		Release|Any CPU = Release|Any CPU
		Release|x64 = Release|x64
		Release|x86 = Release|x86
	EndGlobalSection
	GlobalSection(ProjectConfigurationPlatforms) = postSolution
		{8B77ECA7-F760-4679-8549-9550A2C469D6}.Debug|Any CPU.ActiveCfg = Debug|Any CPU
		{8B77ECA7-F760-4679-8549-9550A2C469D6}.Debug|Any CPU.Build.0 = Debug|Any CPU
		{8B77ECA7-F760-4679-8549-9550A2C469D6}.Debug|x64.ActiveCfg = Debug|Any CPU
		{8B77ECA7-F760-4679-8549-9550A2C469D6}.Debug|x64.Build.0 = Debug|Any CPU
		{8B77ECA7-F760-4679-8549-9550A2C469D6}.Debug|x86.ActiveCfg = Debug|Any CPU
		{8B77ECA7-F760-4679-8549-9550A2C469D6}.Debug|x86.Build.0 = Debug|Any CPU
		{8B77ECA7-F760-4679-8549-9550A2C469D6}.Release|Any CPU.ActiveCfg = Release|Any CPU
		{8B77ECA7-F760-4679-8549-9550A2C469D6}.Release|Any CPU.Build.0 = Release|Any CPU
		{8B77ECA7-F760-4679-8549-9550A2C469D6}.Release|x64.ActiveCfg = Release|Any CPU
		{8B77ECA7-F760-4679-8549-9550A2C469D6}.Release|x64.Build.0 = Release|Any CPU
		{8B77ECA7-F760-4679-8549-9550A2C469D6}.Release|x86.ActiveCfg = Release|Any CPU
		{8B77ECA7-F760-4679-8549-9550A2C469D6}.Release|x86.Build.0 = Release|Any CPU
		{B3DD844D-8971-4B71-B1F9-FA34323AA07E}.Debug|Any CPU.ActiveCfg = Debug|Any CPU
		{B3DD844D-8971-4B71-B1F9-FA34323AA07E}.Debug|Any CPU.Build.0 = Debug|Any CPU
		{B3DD844D-8971-4B71-B1F9-FA34323AA07E}.Debug|x64.ActiveCfg = Debug|Any CPU
		{B3DD844D-8971-4B71-B1F9-FA34323AA07E}.Debug|x64.Build.0 = Debug|Any CPU
		{B3DD844D-8971-4B71-B1F9-FA34323AA07E}.Debug|x86.ActiveCfg = Debug|Any CPU
		{B3DD844D-8971-4B71-B1F9-FA34323AA07E}.Debug|x86.Build.0 = Debug|Any CPU
		{B3DD844D-8971-4B71-B1F9-FA34323AA07E}.Release|Any CPU.ActiveCfg = Release|Any CPU
		{B3DD844D-8971-4B71-B1F9-FA34323AA07E}.Release|Any CPU.Build.0 = Release|Any CPU
		{B3DD844D-8971-4B71-B1F9-FA34323AA07E}.Release|x64.ActiveCfg = Release|Any CPU
		{B3DD844D-8971-4B71-B1F9-FA34323AA07E}.Release|x64.Build.0 = Release|Any CPU
		{B3DD844D-8971-4B71-B1F9-FA34323AA07E}.Release|x86.ActiveCfg = Release|Any CPU
		{B3DD844D-8971-4B71-B1F9-FA34323AA07E}.Release|x86.Build.0 = Release|Any CPU
		{979D21BB-2E73-49A3-B0C1-65A08EBD65E7}.Debug|Any CPU.ActiveCfg = Debug|Any CPU
		{979D21BB-2E73-49A3-B0C1-65A08EBD65E7}.Debug|Any CPU.Build.0 = Debug|Any CPU
		{979D21BB-2E73-49A3-B0C1-65A08EBD65E7}.Debug|x64.ActiveCfg = Debug|Any CPU
		{979D21BB-2E73-49A3-B0C1-65A08EBD65E7}.Debug|x64.Build.0 = Debug|Any CPU
		{979D21BB-2E73-49A3-B0C1-65A08EBD65E7}.Debug|x86.ActiveCfg = Debug|Any CPU
		{979D21BB-2E73-49A3-B0C1-65A08EBD65E7}.Debug|x86.Build.0 = Debug|Any CPU
		{979D21BB-2E73-49A3-B0C1-65A08EBD65E7}.Release|Any CPU.ActiveCfg = Release|Any CPU
		{979D21BB-2E73-49A3-B0C1-65A08EBD65E7}.Release|Any CPU.Build.0 = Release|Any CPU
		{979D21BB-2E73-49A3-B0C1-65A08EBD65E7}.Release|x64.ActiveCfg = Release|Any CPU
		{979D21BB-2E73-49A3-B0C1-65A08EBD65E7}.Release|x64.Build.0 = Release|Any CPU
		{979D21BB-2E73-49A3-B0C1-65A08EBD65E7}.Release|x86.ActiveCfg = Release|Any CPU
		{979D21BB-2E73-49A3-B0C1-65A08EBD65E7}.Release|x86.Build.0 = Release|Any CPU
		{A1C46781-7DD3-4BD5-B5B9-454FE236485A}.Debug|Any CPU.ActiveCfg = Debug|Any CPU
		{A1C46781-7DD3-4BD5-B5B9-454FE236485A}.Debug|Any CPU.Build.0 = Debug|Any CPU
		{A1C46781-7DD3-4BD5-B5B9-454FE236485A}.Debug|x64.ActiveCfg = Debug|Any CPU
		{A1C46781-7DD3-4BD5-B5B9-454FE236485A}.Debug|x64.Build.0 = Debug|Any CPU
		{A1C46781-7DD3-4BD5-B5B9-454FE236485A}.Debug|x86.ActiveCfg = Debug|Any CPU
		{A1C46781-7DD3-4BD5-B5B9-454FE236485A}.Debug|x86.Build.0 = Debug|Any CPU
		{A1C46781-7DD3-4BD5-B5B9-454FE236485A}.Release|Any CPU.ActiveCfg = Release|Any CPU
		{A1C46781-7DD3-4BD5-B5B9-454FE236485A}.Release|Any CPU.Build.0 = Release|Any CPU
		{A1C46781-7DD3-4BD5-B5B9-454FE236485A}.Release|x64.ActiveCfg = Release|Any CPU
		{A1C46781-7DD3-4BD5-B5B9-454FE236485A}.Release|x64.Build.0 = Release|Any CPU
		{A1C46781-7DD3-4BD5-B5B9-454FE236485A}.Release|x86.ActiveCfg = Release|Any CPU
		{A1C46781-7DD3-4BD5-B5B9-454FE236485A}.Release|x86.Build.0 = Release|Any CPU
	EndGlobalSection
	GlobalSection(SolutionProperties) = preSolution
		HideSolutionNode = FALSE
	EndGlobalSection
	GlobalSection(NestedProjects) = preSolution
		{3EA51021-FC2D-0101-C882-85390DFDDA1C} = {827E0CD3-B72D-47B6-A68D-7590B98EB39B}
		{8B77ECA7-F760-4679-8549-9550A2C469D6} = {3EA51021-FC2D-0101-C882-85390DFDDA1C}
		{15BCE6F0-F798-6FCC-7726-D5DA42401A38} = {827E0CD3-B72D-47B6-A68D-7590B98EB39B}
		{B3DD844D-8971-4B71-B1F9-FA34323AA07E} = {15BCE6F0-F798-6FCC-7726-D5DA42401A38}
		{1F87A12E-D750-680C-2313-99AE4BC9444D} = {827E0CD3-B72D-47B6-A68D-7590B98EB39B}
		{979D21BB-2E73-49A3-B0C1-65A08EBD65E7} = {1F87A12E-D750-680C-2313-99AE4BC9444D}
		{46799E6A-F821-40B2-0784-386830E3EC45} = {827E0CD3-B72D-47B6-A68D-7590B98EB39B}
		{A1C46781-7DD3-4BD5-B5B9-454FE236485A} = {46799E6A-F821-40B2-0784-386830E3EC45}
	EndGlobalSection
EndGlobal
